
Microsoft Visual Studio Solution File, Format Version 12.00
# Visual Studio Version 16
VisualStudioVersion = 16.0.30523.141
MinimumVisualStudioVersion = 10.0.40219.1
Project("{FAE04EC0-301F-11D3-BF4B-00C04F79EFBC}") = "dotNET-Chat-Xamarin-Forms-Client.Android", "dotNET-Chat-Xamarin-Forms-Client.Android\dotNET-Chat-Xamarin-Forms-Client.Android.csproj", "{2AEB2971-E0A0-4B2F-AA70-8199B7EA412D}"
EndProject
Project("{FAE04EC0-301F-11D3-BF4B-00C04F79EFBC}") = "dotNET-Chat-Xamarin-Forms-Client.iOS", "dotNET-Chat-Xamarin-Forms-Client.iOS\dotNET-Chat-Xamarin-Forms-Client.iOS.csproj", "{2B92C1C2-D3FF-4EA1-90B0-E094E02C42E0}"
EndProject
Project("{FAE04EC0-301F-11D3-BF4B-00C04F79EFBC}") = "dotNET-Chat-Xamarin-Forms-Client", "dotNET-Chat-Xamarin-Forms-Client\dotNET-Chat-Xamarin-Forms-Client.csproj", "{4F2BD4A7-A2C5-41FE-B0E5-57743171E92C}"
EndProject
Global
	GlobalSection(SolutionConfigurationPlatforms) = preSolution
		Debug|Any CPU = Debug|Any CPU
		Debug|iPhone = Debug|iPhone
		Debug|iPhoneSimulator = Debug|iPhoneSimulator
		Release|Any CPU = Release|Any CPU
		Release|iPhone = Release|iPhone
		Release|iPhoneSimulator = Release|iPhoneSimulator
	EndGlobalSection
	GlobalSection(ProjectConfigurationPlatforms) = postSolution
		{2AEB2971-E0A0-4B2F-AA70-8199B7EA412D}.Debug|Any CPU.ActiveCfg = Debug|Any CPU
		{2AEB2971-E0A0-4B2F-AA70-8199B7EA412D}.Debug|Any CPU.Build.0 = Debug|Any CPU
		{2AEB2971-E0A0-4B2F-AA70-8199B7EA412D}.Debug|Any CPU.Deploy.0 = Debug|Any CPU
		{2AEB2971-E0A0-4B2F-AA70-8199B7EA412D}.Debug|iPhone.ActiveCfg = Debug|Any CPU
		{2AEB2971-E0A0-4B2F-AA70-8199B7EA412D}.Debug|iPhone.Build.0 = Debug|Any CPU
		{2AEB2971-E0A0-4B2F-AA70-8199B7EA412D}.Debug|iPhone.Deploy.0 = Debug|Any CPU
		{2AEB2971-E0A0-4B2F-AA70-8199B7EA412D}.Debug|iPhoneSimulator.ActiveCfg = Debug|Any CPU
		{2AEB2971-E0A0-4B2F-AA70-8199B7EA412D}.Debug|iPhoneSimulator.Build.0 = Debug|Any CPU
		{2AEB2971-E0A0-4B2F-AA70-8199B7EA412D}.Debug|iPhoneSimulator.Deploy.0 = Debug|Any CPU
		{2AEB2971-E0A0-4B2F-AA70-8199B7EA412D}.Release|Any CPU.ActiveCfg = Release|Any CPU
		{2AEB2971-E0A0-4B2F-AA70-8199B7EA412D}.Release|Any CPU.Build.0 = Release|Any CPU
		{2AEB2971-E0A0-4B2F-AA70-8199B7EA412D}.Release|Any CPU.Deploy.0 = Release|Any CPU
		{2AEB2971-E0A0-4B2F-AA70-8199B7EA412D}.Release|iPhone.ActiveCfg = Release|Any CPU
		{2AEB2971-E0A0-4B2F-AA70-8199B7EA412D}.Release|iPhone.Build.0 = Release|Any CPU
		{2AEB2971-E0A0-4B2F-AA70-8199B7EA412D}.Release|iPhone.Deploy.0 = Release|Any CPU
		{2AEB2971-E0A0-4B2F-AA70-8199B7EA412D}.Release|iPhoneSimulator.ActiveCfg = Release|Any CPU
		{2AEB2971-E0A0-4B2F-AA70-8199B7EA412D}.Release|iPhoneSimulator.Build.0 = Release|Any CPU
		{2AEB2971-E0A0-4B2F-AA70-8199B7EA412D}.Release|iPhoneSimulator.Deploy.0 = Release|Any CPU
		{2B92C1C2-D3FF-4EA1-90B0-E094E02C42E0}.Debug|Any CPU.ActiveCfg = Debug|iPhone
		{2B92C1C2-D3FF-4EA1-90B0-E094E02C42E0}.Debug|Any CPU.Build.0 = Debug|iPhone
		{2B92C1C2-D3FF-4EA1-90B0-E094E02C42E0}.Debug|Any CPU.Deploy.0 = Debug|iPhone
		{2B92C1C2-D3FF-4EA1-90B0-E094E02C42E0}.Debug|iPhone.ActiveCfg = Debug|iPhone
		{2B92C1C2-D3FF-4EA1-90B0-E094E02C42E0}.Debug|iPhone.Build.0 = Debug|iPhone
		{2B92C1C2-D3FF-4EA1-90B0-E094E02C42E0}.Debug|iPhone.Deploy.0 = Debug|iPhone
		{2B92C1C2-D3FF-4EA1-90B0-E094E02C42E0}.Debug|iPhoneSimulator.ActiveCfg = Debug|iPhoneSimulator
		{2B92C1C2-D3FF-4EA1-90B0-E094E02C42E0}.Debug|iPhoneSimulator.Build.0 = Debug|iPhoneSimulator
		{2B92C1C2-D3FF-4EA1-90B0-E094E02C42E0}.Debug|iPhoneSimulator.Deploy.0 = Debug|iPhoneSimulator
		{2B92C1C2-D3FF-4EA1-90B0-E094E02C42E0}.Release|Any CPU.ActiveCfg = Release|iPhoneSimulator
		{2B92C1C2-D3FF-4EA1-90B0-E094E02C42E0}.Release|Any CPU.Build.0 = Release|iPhoneSimulator
		{2B92C1C2-D3FF-4EA1-90B0-E094E02C42E0}.Release|Any CPU.Deploy.0 = Release|iPhoneSimulator
		{2B92C1C2-D3FF-4EA1-90B0-E094E02C42E0}.Release|iPhone.ActiveCfg = Release|iPhone
		{2B92C1C2-D3FF-4EA1-90B0-E094E02C42E0}.Release|iPhone.Build.0 = Release|iPhone
		{2B92C1C2-D3FF-4EA1-90B0-E094E02C42E0}.Release|iPhone.Deploy.0 = Release|iPhone
		{2B92C1C2-D3FF-4EA1-90B0-E094E02C42E0}.Release|iPhoneSimulator.ActiveCfg = Release|iPhoneSimulator
		{2B92C1C2-D3FF-4EA1-90B0-E094E02C42E0}.Release|iPhoneSimulator.Build.0 = Release|iPhoneSimulator
		{2B92C1C2-D3FF-4EA1-90B0-E094E02C42E0}.Release|iPhoneSimulator.Deploy.0 = Release|iPhoneSimulator
		{4F2BD4A7-A2C5-41FE-B0E5-57743171E92C}.Debug|Any CPU.ActiveCfg = Debug|Any CPU
		{4F2BD4A7-A2C5-41FE-B0E5-57743171E92C}.Debug|Any CPU.Build.0 = Debug|Any CPU
		{4F2BD4A7-A2C5-41FE-B0E5-57743171E92C}.Debug|Any CPU.Deploy.0 = Debug|Any CPU
		{4F2BD4A7-A2C5-41FE-B0E5-57743171E92C}.Debug|iPhone.ActiveCfg = Debug|Any CPU
		{4F2BD4A7-A2C5-41FE-B0E5-57743171E92C}.Debug|iPhone.Build.0 = Debug|Any CPU
		{4F2BD4A7-A2C5-41FE-B0E5-57743171E92C}.Debug|iPhone.Deploy.0 = Debug|Any CPU
		{4F2BD4A7-A2C5-41FE-B0E5-57743171E92C}.Debug|iPhoneSimulator.ActiveCfg = Debug|Any CPU
		{4F2BD4A7-A2C5-41FE-B0E5-57743171E92C}.Debug|iPhoneSimulator.Build.0 = Debug|Any CPU
		{4F2BD4A7-A2C5-41FE-B0E5-57743171E92C}.Debug|iPhoneSimulator.Deploy.0 = Debug|Any CPU
		{4F2BD4A7-A2C5-41FE-B0E5-57743171E92C}.Release|Any CPU.ActiveCfg = Release|Any CPU
		{4F2BD4A7-A2C5-41FE-B0E5-57743171E92C}.Release|Any CPU.Build.0 = Release|Any CPU
		{4F2BD4A7-A2C5-41FE-B0E5-57743171E92C}.Release|Any CPU.Deploy.0 = Release|Any CPU
		{4F2BD4A7-A2C5-41FE-B0E5-57743171E92C}.Release|iPhone.ActiveCfg = Release|Any CPU
		{4F2BD4A7-A2C5-41FE-B0E5-57743171E92C}.Release|iPhone.Build.0 = Release|Any CPU
		{4F2BD4A7-A2C5-41FE-B0E5-57743171E92C}.Release|iPhone.Deploy.0 = Release|Any CPU
		{4F2BD4A7-A2C5-41FE-B0E5-57743171E92C}.Release|iPhoneSimulator.ActiveCfg = Release|Any CPU
		{4F2BD4A7-A2C5-41FE-B0E5-57743171E92C}.Release|iPhoneSimulator.Build.0 = Release|Any CPU
		{4F2BD4A7-A2C5-41FE-B0E5-57743171E92C}.Release|iPhoneSimulator.Deploy.0 = Release|Any CPU
	EndGlobalSection
	GlobalSection(SolutionProperties) = preSolution
		HideSolutionNode = FALSE
	EndGlobalSection
	GlobalSection(ExtensibilityGlobals) = postSolution
		SolutionGuid = {BD222CC5-A36D-413E-97AD-5F27097CB2E6}
	EndGlobalSection
EndGlobal
